// !$*UTF8*$!
{
	archiveVersion = 1;
	classes = {
	};
	objectVersion = 50;
	objects = {

/* Begin PBXBuildFile section */
		D56D07872512978000FB91DB /* AppDelegate.swift in Sources */ = {isa = PBXBuildFile; fileRef = D56D07862512978000FB91DB /* AppDelegate.swift */; };
		D56D07892512978000FB91DB /* SceneDelegate.swift in Sources */ = {isa = PBXBuildFile; fileRef = D56D07882512978000FB91DB /* SceneDelegate.swift */; };
		D56D078B2512978000FB91DB /* ViewController.swift in Sources */ = {isa = PBXBuildFile; fileRef = D56D078A2512978000FB91DB /* ViewController.swift */; };
		D56D078E2512978000FB91DB /* Main.storyboard in Resources */ = {isa = PBXBuildFile; fileRef = D56D078C2512978000FB91DB /* Main.storyboard */; };
		D56D07902512978300FB91DB /* Assets.xcassets in Resources */ = {isa = PBXBuildFile; fileRef = D56D078F2512978300FB91DB /* Assets.xcassets */; };
		D56D07932512978300FB91DB /* LaunchScreen.storyboard in Resources */ = {isa = PBXBuildFile; fileRef = D56D07912512978300FB91DB /* LaunchScreen.storyboard */; };
		D56D079E2512978300FB91DB /* storyboardTests.swift in Sources */ = {isa = PBXBuildFile; fileRef = D56D079D2512978300FB91DB /* storyboardTests.swift */; };
		D56D07A92512978300FB91DB /* storyboardUITests.swift in Sources */ = {isa = PBXBuildFile; fileRef = D56D07A82512978300FB91DB /* storyboardUITests.swift */; };
/* End PBXBuildFile section */

/* Begin PBXContainerItemProxy section */
		D56D079A2512978300FB91DB /* PBXContainerItemProxy */ = {
			isa = PBXContainerItemProxy;
			containerPortal = D56D077B2512978000FB91DB /* Project object */;
			proxyType = 1;
			remoteGlobalIDString = D56D07822512978000FB91DB;
			remoteInfo = storyboard;
		};
		D56D07A52512978300FB91DB /* PBXContainerItemProxy */ = {
			isa = PBXContainerItemProxy;
			containerPortal = D56D077B2512978000FB91DB /* Project object */;
			proxyType = 1;
			remoteGlobalIDString = D56D07822512978000FB91DB;
			remoteInfo = storyboard;
		};
/* End PBXContainerItemProxy section */

/* Begin PBXFileReference section */
		D56D07832512978000FB91DB /* storyboard.app */ = {isa = PBXFileReference; explicitFileType = wrapper.application; includeInIndex = 0; path = storyboard.app; sourceTree = BUILT_PRODUCTS_DIR; };
		D56D07862512978000FB91DB /* AppDelegate.swift */ = {isa = PBXFileReference; lastKnownFileType = sourcecode.swift; path = AppDelegate.swift; sourceTree = "<group>"; };
		D56D07882512978000FB91DB /* SceneDelegate.swift */ = {isa = PBXFileReference; lastKnownFileType = sourcecode.swift; path = SceneDelegate.swift; sourceTree = "<group>"; };
		D56D078A2512978000FB91DB /* ViewController.swift */ = {isa = PBXFileReference; lastKnownFileType = sourcecode.swift; path = ViewController.swift; sourceTree = "<group>"; };
		D56D078D2512978000FB91DB /* Base */ = {isa = PBXFileReference; lastKnownFileType = file.storyboard; name = Base; path = Base.lproj/Main.storyboard; sourceTree = "<group>"; };
		D56D078F2512978300FB91DB /* Assets.xcassets */ = {isa = PBXFileReference; lastKnownFileType = folder.assetcatalog; path = Assets.xcassets; sourceTree = "<group>"; };
		D56D07922512978300FB91DB /* Base */ = {isa = PBXFileReference; lastKnownFileType = file.storyboard; name = Base; path = Base.lproj/LaunchScreen.storyboard; sourceTree = "<group>"; };
		D56D07942512978300FB91DB /* Info.plist */ = {isa = PBXFileReference; lastKnownFileType = text.plist.xml; path = Info.plist; sourceTree = "<group>"; };
		D56D07992512978300FB91DB /* storyboardTests.xctest */ = {isa = PBXFileReference; explicitFileType = wrapper.cfbundle; includeInIndex = 0; path = storyboardTests.xctest; sourceTree = BUILT_PRODUCTS_DIR; };
		D56D079D2512978300FB91DB /* storyboardTests.swift */ = {isa = PBXFileReference; lastKnownFileType = sourcecode.swift; path = storyboardTests.swift; sourceTree = "<group>"; };
		D56D079F2512978300FB91DB /* Info.plist */ = {isa = PBXFileReference; lastKnownFileType = text.plist.xml; path = Info.plist; sourceTree = "<group>"; };
		D56D07A42512978300FB91DB /* storyboardUITests.xctest */ = {isa = PBXFileReference; explicitFileType = wrapper.cfbundle; includeInIndex = 0; path = storyboardUITests.xctest; sourceTree = BUILT_PRODUCTS_DIR; };
		D56D07A82512978300FB91DB /* storyboardUITests.swift */ = {isa = PBXFileReference; lastKnownFileType = sourcecode.swift; path = storyboardUITests.swift; sourceTree = "<group>"; };
		D56D07AA2512978300FB91DB /* Info.plist */ = {isa = PBXFileReference; lastKnownFileType = text.plist.xml; path = Info.plist; sourceTree = "<group>"; };
/* End PBXFileReference section */

/* Begin PBXFrameworksBuildPhase section */
		D56D07802512978000FB91DB /* Frameworks */ = {
			isa = PBXFrameworksBuildPhase;
			buildActionMask = 2147483647;
			files = (
			);
			runOnlyForDeploymentPostprocessing = 0;
		};
		D56D07962512978300FB91DB /* Frameworks */ = {
			isa = PBXFrameworksBuildPhase;
			buildActionMask = 2147483647;
			files = (
			);
			runOnlyForDeploymentPostprocessing = 0;
		};
		D56D07A12512978300FB91DB /* Frameworks */ = {
			isa = PBXFrameworksBuildPhase;
			buildActionMask = 2147483647;
			files = (
			);
			runOnlyForDeploymentPostprocessing = 0;
		};
/* End PBXFrameworksBuildPhase section */

/* Begin PBXGroup section */
		D56D077A2512978000FB91DB = {
			isa = PBXGroup;
			children = (
				D56D07852512978000FB91DB /* storyboard */,
				D56D079C2512978300FB91DB /* storyboardTests */,
				D56D07A72512978300FB91DB /* storyboardUITests */,
				D56D07842512978000FB91DB /* Products */,
			);
			sourceTree = "<group>";
		};
		D56D07842512978000FB91DB /* Products */ = {
			isa = PBXGroup;
			children = (
				D56D07832512978000FB91DB /* storyboard.app */,
				D56D07992512978300FB91DB /* storyboardTests.xctest */,
				D56D07A42512978300FB91DB /* storyboardUITests.xctest */,
			);
			name = Products;
			sourceTree = "<group>";
		};
		D56D07852512978000FB91DB /* storyboard */ = {
			isa = PBXGroup;
			children = (
				D56D07862512978000FB91DB /* AppDelegate.swift */,
				D56D07882512978000FB91DB /* SceneDelegate.swift */,
				D56D078A2512978000FB91DB /* ViewController.swift */,
				D56D078C2512978000FB91DB /* Main.storyboard */,
				D56D078F2512978300FB91DB /* Assets.xcassets */,
				D56D07912512978300FB91DB /* LaunchScreen.storyboard */,
				D56D07942512978300FB91DB /* Info.plist */,
			);
			path = storyboard;
			sourceTree = "<group>";
		};
		D56D079C2512978300FB91DB /* storyboardTests */ = {
			isa = PBXGroup;
			children = (
				D56D079D2512978300FB91DB /* storyboardTests.swift */,
				D56D079F2512978300FB91DB /* Info.plist */,
			);
			path = storyboardTests;
			sourceTree = "<group>";
		};
		D56D07A72512978300FB91DB /* storyboardUITests */ = {
			isa = PBXGroup;
			children = (
				D56D07A82512978300FB91DB /* storyboardUITests.swift */,
				D56D07AA2512978300FB91DB /* Info.plist */,
			);
			path = storyboardUITests;
			sourceTree = "<group>";
		};
/* End PBXGroup section */

/* Begin PBXNativeTarget section */
		D56D07822512978000FB91DB /* storyboard */ = {
			isa = PBXNativeTarget;
			buildConfigurationList = D56D07AD2512978300FB91DB /* Build configuration list for PBXNativeTarget "storyboard" */;
			buildPhases = (
				D56D077F2512978000FB91DB /* Sources */,
				D56D07802512978000FB91DB /* Frameworks */,
				D56D07812512978000FB91DB /* Resources */,
			);
			buildRules = (
			);
			dependencies = (
			);
			name = storyboard;
			productName = storyboard;
			productReference = D56D07832512978000FB91DB /* storyboard.app */;
			productType = "com.apple.product-type.application";
		};
		D56D07982512978300FB91DB /* storyboardTests */ = {
			isa = PBXNativeTarget;
			buildConfigurationList = D56D07B02512978300FB91DB /* Build configuration list for PBXNativeTarget "storyboardTests" */;
			buildPhases = (
				D56D07952512978300FB91DB /* Sources */,
				D56D07962512978300FB91DB /* Frameworks */,
				D56D07972512978300FB91DB /* Resources */,
			);
			buildRules = (
			);
			dependencies = (
				D56D079B2512978300FB91DB /* PBXTargetDependency */,
			);
			name = storyboardTests;
			productName = storyboardTests;
			productReference = D56D07992512978300FB91DB /* storyboardTests.xctest */;
			productType = "com.apple.product-type.bundle.unit-test";
		};
		D56D07A32512978300FB91DB /* storyboardUITests */ = {
			isa = PBXNativeTarget;
			buildConfigurationList = D56D07B32512978300FB91DB /* Build configuration list for PBXNativeTarget "storyboardUITests" */;
			buildPhases = (
				D56D07A02512978300FB91DB /* Sources */,
				D56D07A12512978300FB91DB /* Frameworks */,
				D56D07A22512978300FB91DB /* Resources */,
			);
			buildRules = (
			);
			dependencies = (
				D56D07A62512978300FB91DB /* PBXTargetDependency */,
			);
			name = storyboardUITests;
			productName = storyboardUITests;
			productReference = D56D07A42512978300FB91DB /* storyboardUITests.xctest */;
			productType = "com.apple.product-type.bundle.ui-testing";
		};
/* End PBXNativeTarget section */

/* Begin PBXProject section */
		D56D077B2512978000FB91DB /* Project object */ = {
			isa = PBXProject;
			attributes = {
				LastSwiftUpdateCheck = 1170;
				LastUpgradeCheck = 1170;
				ORGANIZATIONNAME = "Open Mind House";
				TargetAttributes = {
					D56D07822512978000FB91DB = {
						CreatedOnToolsVersion = 11.7;
					};
					D56D07982512978300FB91DB = {
						CreatedOnToolsVersion = 11.7;
						TestTargetID = D56D07822512978000FB91DB;
					};
					D56D07A32512978300FB91DB = {
						CreatedOnToolsVersion = 11.7;
						TestTargetID = D56D07822512978000FB91DB;
					};
				};
			};
			buildConfigurationList = D56D077E2512978000FB91DB /* Build configuration list for PBXProject "storyboard" */;
			compatibilityVersion = "Xcode 9.3";
			developmentRegion = en;
			hasScannedForEncodings = 0;
			knownRegions = (
				en,
				Base,
			);
			mainGroup = D56D077A2512978000FB91DB;
			productRefGroup = D56D07842512978000FB91DB /* Products */;
			projectDirPath = "";
			projectRoot = "";
			targets = (
				D56D07822512978000FB91DB /* storyboard */,
				D56D07982512978300FB91DB /* storyboardTests */,
				D56D07A32512978300FB91DB /* storyboardUITests */,
			);
		};
/* End PBXProject section */

/* Begin PBXResourcesBuildPhase section */
		D56D07812512978000FB91DB /* Resources */ = {
			isa = PBXResourcesBuildPhase;
			buildActionMask = 2147483647;
			files = (
				D56D07932512978300FB91DB /* LaunchScreen.storyboard in Resources */,
				D56D07902512978300FB91DB /* Assets.xcassets in Resources */,
				D56D078E2512978000FB91DB /* Main.storyboard in Resources */,
			);
			runOnlyForDeploymentPostprocessing = 0;
		};
		D56D07972512978300FB91DB /* Resources */ = {
			isa = PBXResourcesBuildPhase;
			buildActionMask = 2147483647;
			files = (
			);
			runOnlyForDeploymentPostprocessing = 0;
		};
		D56D07A22512978300FB91DB /* Resources */ = {
			isa = PBXResourcesBuildPhase;
			buildActionMask = 2147483647;
			files = (
			);
			runOnlyForDeploymentPostprocessing = 0;
		};
/* End PBXResourcesBuildPhase section */

/* Begin PBXSourcesBuildPhase section */
		D56D077F2512978000FB91DB /* Sources */ = {
			isa = PBXSourcesBuildPhase;
			buildActionMask = 2147483647;
			files = (
				D56D078B2512978000FB91DB /* ViewController.swift in Sources */,
				D56D07872512978000FB91DB /* AppDelegate.swift in Sources */,
				D56D07892512978000FB91DB /* SceneDelegate.swift in Sources */,
			);
			runOnlyForDeploymentPostprocessing = 0;
		};
		D56D07952512978300FB91DB /* Sources */ = {
			isa = PBXSourcesBuildPhase;
			buildActionMask = 2147483647;
			files = (
				D56D079E2512978300FB91DB /* storyboardTests.swift in Sources */,
			);
			runOnlyForDeploymentPostprocessing = 0;
		};
		D56D07A02512978300FB91DB /* Sources */ = {
			isa = PBXSourcesBuildPhase;
			buildActionMask = 2147483647;
			files = (
				D56D07A92512978300FB91DB /* storyboardUITests.swift in Sources */,
			);
			runOnlyForDeploymentPostprocessing = 0;
		};
/* End PBXSourcesBuildPhase section */

/* Begin PBXTargetDependency section */
		D56D079B2512978300FB91DB /* PBXTargetDependency */ = {
			isa = PBXTargetDependency;
			target = D56D07822512978000FB91DB /* storyboard */;
			targetProxy = D56D079A2512978300FB91DB /* PBXContainerItemProxy */;
		};
		D56D07A62512978300FB91DB /* PBXTargetDependency */ = {
			isa = PBXTargetDependency;
			target = D56D07822512978000FB91DB /* storyboard */;
			targetProxy = D56D07A52512978300FB91DB /* PBXContainerItemProxy */;
		};
/* End PBXTargetDependency section */

/* Begin PBXVariantGroup section */
		D56D078C2512978000FB91DB /* Main.storyboard */ = {
			isa = PBXVariantGroup;
			children = (
				D56D078D2512978000FB91DB /* Base */,
			);
			name = Main.storyboard;
			sourceTree = "<group>";
		};
		D56D07912512978300FB91DB /* LaunchScreen.storyboard */ = {
			isa = PBXVariantGroup;
			children = (
				D56D07922512978300FB91DB /* Base */,
			);
			name = LaunchScreen.storyboard;
			sourceTree = "<group>";
		};
/* End PBXVariantGroup section */

/* Begin XCBuildConfiguration section */
		D56D07AB2512978300FB91DB /* Debug */ = {
			isa = XCBuildConfiguration;
			buildSettings = {
				ALWAYS_SEARCH_USER_PATHS = NO;
				CLANG_ANALYZER_NONNULL = YES;
				CLANG_ANALYZER_NUMBER_OBJECT_CONVERSION = YES_AGGRESSIVE;
				CLANG_CXX_LANGUAGE_STANDARD = "gnu++14";
				CLANG_CXX_LIBRARY = "libc++";
				CLANG_ENABLE_MODULES = YES;
				CLANG_ENABLE_OBJC_ARC = YES;
				CLANG_ENABLE_OBJC_WEAK = YES;
				CLANG_WARN_BLOCK_CAPTURE_AUTORELEASING = YES;
				CLANG_WARN_BOOL_CONVERSION = YES;
				CLANG_WARN_COMMA = YES;
				CLANG_WARN_CONSTANT_CONVERSION = YES;
				CLANG_WARN_DEPRECATED_OBJC_IMPLEMENTATIONS = YES;
				CLANG_WARN_DIRECT_OBJC_ISA_USAGE = YES_ERROR;
				CLANG_WARN_DOCUMENTATION_COMMENTS = YES;
				CLANG_WARN_EMPTY_BODY = YES;
				CLANG_WARN_ENUM_CONVERSION = YES;
				CLANG_WARN_INFINITE_RECURSION = YES;
				CLANG_WARN_INT_CONVERSION = YES;
				CLANG_WARN_NON_LITERAL_NULL_CONVERSION = YES;
				CLANG_WARN_OBJC_IMPLICIT_RETAIN_SELF = YES;
				CLANG_WARN_OBJC_LITERAL_CONVERSION = YES;
				CLANG_WARN_OBJC_ROOT_CLASS = YES_ERROR;
				CLANG_WARN_RANGE_LOOP_ANALYSIS = YES;
				CLANG_WARN_STRICT_PROTOTYPES = YES;
				CLANG_WARN_SUSPICIOUS_MOVE = YES;
				CLANG_WARN_UNGUARDED_AVAILABILITY = YES_AGGRESSIVE;
				CLANG_WARN_UNREACHABLE_CODE = YES;
				CLANG_WARN__DUPLICATE_METHOD_MATCH = YES;
				COPY_PHASE_STRIP = NO;
				DEBUG_INFORMATION_FORMAT = dwarf;
				ENABLE_STRICT_OBJC_MSGSEND = YES;
				ENABLE_TESTABILITY = YES;
				GCC_C_LANGUAGE_STANDARD = gnu11;
				GCC_DYNAMIC_NO_PIC = NO;
				GCC_NO_COMMON_BLOCKS = YES;
				GCC_OPTIMIZATION_LEVEL = 0;
				GCC_PREPROCESSOR_DEFINITIONS = (
					"DEBUG=1",
					"$(inherited)",
				);
				GCC_WARN_64_TO_32_BIT_CONVERSION = YES;
				GCC_WARN_ABOUT_RETURN_TYPE = YES_ERROR;
				GCC_WARN_UNDECLARED_SELECTOR = YES;
				GCC_WARN_UNINITIALIZED_AUTOS = YES_AGGRESSIVE;
				GCC_WARN_UNUSED_FUNCTION = YES;
				GCC_WARN_UNUSED_VARIABLE = YES;
				IPHONEOS_DEPLOYMENT_TARGET = 13.7;
				MTL_ENABLE_DEBUG_INFO = INCLUDE_SOURCE;
				MTL_FAST_MATH = YES;
				ONLY_ACTIVE_ARCH = YES;
				SDKROOT = iphoneos;
				SWIFT_ACTIVE_COMPILATION_CONDITIONS = DEBUG;
				SWIFT_OPTIMIZATION_LEVEL = "-Onone";
			};
			name = Debug;
		};
		D56D07AC2512978300FB91DB /* Release */ = {
			isa = XCBuildConfiguration;
			buildSettings = {
				ALWAYS_SEARCH_USER_PATHS = NO;
				CLANG_ANALYZER_NONNULL = YES;
				CLANG_ANALYZER_NUMBER_OBJECT_CONVERSION = YES_AGGRESSIVE;
				CLANG_CXX_LANGUAGE_STANDARD = "gnu++14";
				CLANG_CXX_LIBRARY = "libc++";
				CLANG_ENABLE_MODULES = YES;
				CLANG_ENABLE_OBJC_ARC = YES;
				CLANG_ENABLE_OBJC_WEAK = YES;
				CLANG_WARN_BLOCK_CAPTURE_AUTORELEASING = YES;
				CLANG_WARN_BOOL_CONVERSION = YES;
				CLANG_WARN_COMMA = YES;
				CLANG_WARN_CONSTANT_CONVERSION = YES;
				CLANG_WARN_DEPRECATED_OBJC_IMPLEMENTATIONS = YES;
				CLANG_WARN_DIRECT_OBJC_ISA_USAGE = YES_ERROR;
				CLANG_WARN_DOCUMENTATION_COMMENTS = YES;
				CLANG_WARN_EMPTY_BODY = YES;
				CLANG_WARN_ENUM_CONVERSION = YES;
				CLANG_WARN_INFINITE_RECURSION = YES;
				CLANG_WARN_INT_CONVERSION = YES;
				CLANG_WARN_NON_LITERAL_NULL_CONVERSION = YES;
				CLANG_WARN_OBJC_IMPLICIT_RETAIN_SELF = YES;
				CLANG_WARN_OBJC_LITERAL_CONVERSION = YES;
				CLANG_WARN_OBJC_ROOT_CLASS = YES_ERROR;
				CLANG_WARN_RANGE_LOOP_ANALYSIS = YES;
				CLANG_WARN_STRICT_PROTOTYPES = YES;
				CLANG_WARN_SUSPICIOUS_MOVE = YES;
				CLANG_WARN_UNGUARDED_AVAILABILITY = YES_AGGRESSIVE;
				CLANG_WARN_UNREACHABLE_CODE = YES;
				CLANG_WARN__DUPLICATE_METHOD_MATCH = YES;
				COPY_PHASE_STRIP = NO;
				DEBUG_INFORMATION_FORMAT = "dwarf-with-dsym";
				ENABLE_NS_ASSERTIONS = NO;
				ENABLE_STRICT_OBJC_MSGSEND = YES;
				GCC_C_LANGUAGE_STANDARD = gnu11;
				GCC_NO_COMMON_BLOCKS = YES;
				GCC_WARN_64_TO_32_BIT_CONVERSION = YES;
				GCC_WARN_ABOUT_RETURN_TYPE = YES_ERROR;
				GCC_WARN_UNDECLARED_SELECTOR = YES;
				GCC_WARN_UNINITIALIZED_AUTOS = YES_AGGRESSIVE;
				GCC_WARN_UNUSED_FUNCTION = YES;
				GCC_WARN_UNUSED_VARIABLE = YES;
				IPHONEOS_DEPLOYMENT_TARGET = 13.7;
				MTL_ENABLE_DEBUG_INFO = NO;
				MTL_FAST_MATH = YES;
				SDKROOT = iphoneos;
				SWIFT_COMPILATION_MODE = wholemodule;
				SWIFT_OPTIMIZATION_LEVEL = "-O";
				VALIDATE_PRODUCT = YES;
			};
			name = Release;
		};
		D56D07AE2512978300FB91DB /* Debug */ = {
			isa = XCBuildConfiguration;
			buildSettings = {
				ASSETCATALOG_COMPILER_APPICON_NAME = AppIcon;
				CODE_SIGN_STYLE = Automatic;
				DEVELOPMENT_TEAM = 3NYDB9XX8E;
				INFOPLIST_FILE = storyboard/Info.plist;
				LD_RUNPATH_SEARCH_PATHS = (
					"$(inherited)",
					"@executable_path/Frameworks",
				);
				PRODUCT_BUNDLE_IDENTIFIER = com.openmindhouse.storyboard;
				PRODUCT_NAME = "$(TARGET_NAME)";
				SWIFT_VERSION = 5.0;
				TARGETED_DEVICE_FAMILY = "1,2";
			};
			name = Debug;
		};
		D56D07AF2512978300FB91DB /* Release */ = {
			isa = XCBuildConfiguration;
			buildSettings = {
				ASSETCATALOG_COMPILER_APPICON_NAME = AppIcon;
				CODE_SIGN_STYLE = Automatic;
				DEVELOPMENT_TEAM = 3NYDB9XX8E;
				INFOPLIST_FILE = storyboard/Info.plist;
				LD_RUNPATH_SEARCH_PATHS = (
					"$(inherited)",
					"@executable_path/Frameworks",
				);
				PRODUCT_BUNDLE_IDENTIFIER = com.openmindhouse.storyboard;
				PRODUCT_NAME = "$(TARGET_NAME)";
				SWIFT_VERSION = 5.0;
				TARGETED_DEVICE_FAMILY = "1,2";
			};
			name = Release;
		};
		D56D07B12512978300FB91DB /* Debug */ = {
			isa = XCBuildConfiguration;
			buildSettings = {
				ALWAYS_EMBED_SWIFT_STANDARD_LIBRARIES = YES;
				BUNDLE_LOADER = "$(TEST_HOST)";
				CODE_SIGN_STYLE = Automatic;
				DEVELOPMENT_TEAM = 3NYDB9XX8E;
				INFOPLIST_FILE = storyboardTests/Info.plist;
				IPHONEOS_DEPLOYMENT_TARGET = 13.7;
				LD_RUNPATH_SEARCH_PATHS = (
					"$(inherited)",
					"@executable_path/Frameworks",
					"@loader_path/Frameworks",
				);
				PRODUCT_BUNDLE_IDENTIFIER = com.openmindhouse.storyboardTests;
				PRODUCT_NAME = "$(TARGET_NAME)";
				SWIFT_VERSION = 5.0;
				TARGETED_DEVICE_FAMILY = "1,2";
				TEST_HOST = "$(BUILT_PRODUCTS_DIR)/storyboard.app/storyboard";
			};
			name = Debug;
		};
		D56D07B22512978300FB91DB /* Release */ = {
			isa = XCBuildConfiguration;
			buildSettings = {
				ALWAYS_EMBED_SWIFT_STANDARD_LIBRARIES = YES;
				BUNDLE_LOADER = "$(TEST_HOST)";
				CODE_SIGN_STYLE = Automatic;
				DEVELOPMENT_TEAM = 3NYDB9XX8E;
				INFOPLIST_FILE = storyboardTests/Info.plist;
				IPHONEOS_DEPLOYMENT_TARGET = 13.7;
				LD_RUNPATH_SEARCH_PATHS = (
					"$(inherited)",
					"@executable_path/Frameworks",
					"@loader_path/Frameworks",
				);
				PRODUCT_BUNDLE_IDENTIFIER = com.openmindhouse.storyboardTests;
				PRODUCT_NAME = "$(TARGET_NAME)";
				SWIFT_VERSION = 5.0;
				TARGETED_DEVICE_FAMILY = "1,2";
				TEST_HOST = "$(BUILT_PRODUCTS_DIR)/storyboard.app/storyboard";
			};
			name = Release;
		};
		D56D07B42512978300FB91DB /* Debug */ = {
			isa = XCBuildConfiguration;
			buildSettings = {
				ALWAYS_EMBED_SWIFT_STANDARD_LIBRARIES = YES;
				CODE_SIGN_STYLE = Automatic;
				DEVELOPMENT_TEAM = 3NYDB9XX8E;
				INFOPLIST_FILE = storyboardUITests/Info.plist;
				LD_RUNPATH_SEARCH_PATHS = (
					"$(inherited)",
					"@executable_path/Frameworks",
					"@loader_path/Frameworks",
				);
				PRODUCT_BUNDLE_IDENTIFIER = com.openmindhouse.storyboardUITests;
				PRODUCT_NAME = "$(TARGET_NAME)";
				SWIFT_VERSION = 5.0;
				TARGETED_DEVICE_FAMILY = "1,2";
				TEST_TARGET_NAME = storyboard;
			};
			name = Debug;
		};
		D56D07B52512978300FB91DB /* Release */ = {
			isa = XCBuildConfiguration;
			buildSettings = {
				ALWAYS_EMBED_SWIFT_STANDARD_LIBRARIES = YES;
				CODE_SIGN_STYLE = Automatic;
				DEVELOPMENT_TEAM = 3NYDB9XX8E;
				INFOPLIST_FILE = storyboardUITests/Info.plist;
				LD_RUNPATH_SEARCH_PATHS = (
					"$(inherited)",
					"@executable_path/Frameworks",
					"@loader_path/Frameworks",
				);
				PRODUCT_BUNDLE_IDENTIFIER = com.openmindhouse.storyboardUITests;
				PRODUCT_NAME = "$(TARGET_NAME)";
				SWIFT_VERSION = 5.0;
				TARGETED_DEVICE_FAMILY = "1,2";
				TEST_TARGET_NAME = storyboard;
			};
			name = Release;
		};
/* End XCBuildConfiguration section */

/* Begin XCConfigurationList section */
		D56D077E2512978000FB91DB /* Build configuration list for PBXProject "storyboard" */ = {
			isa = XCConfigurationList;
			buildConfigurations = (
				D56D07AB2512978300FB91DB /* Debug */,
				D56D07AC2512978300FB91DB /* Release */,
			);
			defaultConfigurationIsVisible = 0;
			defaultConfigurationName = Release;
		};
		D56D07AD2512978300FB91DB /* Build configuration list for PBXNativeTarget "storyboard" */ = {
			isa = XCConfigurationList;
			buildConfigurations = (
				D56D07AE2512978300FB91DB /* Debug */,
				D56D07AF2512978300FB91DB /* Release */,
			);
			defaultConfigurationIsVisible = 0;
			defaultConfigurationName = Release;
		};
		D56D07B02512978300FB91DB /* Build configuration list for PBXNativeTarget "storyboardTests" */ = {
			isa = XCConfigurationList;
			buildConfigurations = (
				D56D07B12512978300FB91DB /* Debug */,
				D56D07B22512978300FB91DB /* Release */,
			);
			defaultConfigurationIsVisible = 0;
			defaultConfigurationName = Release;
		};
		D56D07B32512978300FB91DB /* Build configuration list for PBXNativeTarget "storyboardUITests" */ = {
			isa = XCConfigurationList;
			buildConfigurations = (
				D56D07B42512978300FB91DB /* Debug */,
				D56D07B52512978300FB91DB /* Release */,
			);
			defaultConfigurationIsVisible = 0;
			defaultConfigurationName = Release;
		};
/* End XCConfigurationList section */
	};
	rootObject = D56D077B2512978000FB91DB /* Project object */;
}
